
Microsoft Visual Studio Solution File, Format Version 12.00
Project("{FAE04EC0-301F-11D3-BF4B-00C04F79EFBC}") = "InMa.Shopping", "InMa.Shopping\InMa.Shopping.csproj", "{BAC626E0-6A38-4775-AFD7-5220A45155AC}"
EndProject
Project("{FAE04EC0-301F-11D3-BF4B-00C04F79EFBC}") = "InMa.Torrents", "InMa.Torrents\InMa.Torrents.csproj", "{03382D4A-6020-48B6-89CD-FEDDA4D8C9C8}"
EndProject
Project("{FAE04EC0-301F-11D3-BF4B-00C04F79EFBC}") = "InMa.TestingConsole", "InMa.TestingConsole\InMa.TestingConsole.csproj", "{89A158D1-16BD-4BCE-A769-A2B103FCD9B4}"
EndProject
Global
	GlobalSection(SolutionConfigurationPlatforms) = preSolution
		Debug|Any CPU = Debug|Any CPU
		Release|Any CPU = Release|Any CPU
	EndGlobalSection
	GlobalSection(ProjectConfigurationPlatforms) = postSolution
		{BAC626E0-6A38-4775-AFD7-5220A45155AC}.Debug|Any CPU.ActiveCfg = Debug|Any CPU
		{BAC626E0-6A38-4775-AFD7-5220A45155AC}.Debug|Any CPU.Build.0 = Debug|Any CPU
		{BAC626E0-6A38-4775-AFD7-5220A45155AC}.Release|Any CPU.ActiveCfg = Release|Any CPU
		{BAC626E0-6A38-4775-AFD7-5220A45155AC}.Release|Any CPU.Build.0 = Release|Any CPU
		{03382D4A-6020-48B6-89CD-FEDDA4D8C9C8}.Debug|Any CPU.ActiveCfg = Debug|Any CPU
		{03382D4A-6020-48B6-89CD-FEDDA4D8C9C8}.Debug|Any CPU.Build.0 = Debug|Any CPU
		{03382D4A-6020-48B6-89CD-FEDDA4D8C9C8}.Release|Any CPU.ActiveCfg = Release|Any CPU
		{03382D4A-6020-48B6-89CD-FEDDA4D8C9C8}.Release|Any CPU.Build.0 = Release|Any CPU
		{89A158D1-16BD-4BCE-A769-A2B103FCD9B4}.Debug|Any CPU.ActiveCfg = Debug|Any CPU
		{89A158D1-16BD-4BCE-A769-A2B103FCD9B4}.Debug|Any CPU.Build.0 = Debug|Any CPU
		{89A158D1-16BD-4BCE-A769-A2B103FCD9B4}.Release|Any CPU.ActiveCfg = Release|Any CPU
		{89A158D1-16BD-4BCE-A769-A2B103FCD9B4}.Release|Any CPU.Build.0 = Release|Any CPU
	EndGlobalSection
EndGlobal
